
Microsoft Visual Studio Solution File, Format Version 12.00
# Visual Studio Version 17
VisualStudioVersion = 17.7.34024.191
MinimumVisualStudioVersion = 10.0.40219.1
Project("{9A19103F-16F7-4668-BE54-9A1E7A4F7556}") = "HealthyFoods", "HealthyFoods\HealthyFoods.csproj", "{71486403-45EA-4D5C-9F40-E10BD1F82987}"
EndProject
Project("{9A19103F-16F7-4668-BE54-9A1E7A4F7556}") = "HealthyFoods.Infrastructure", "HealthyFoods.Infrastructure\HealthyFoods.Infrastructure.csproj", "{74F1C5DD-1EED-4917-8C56-CE0BB7F184A5}"
EndProject
Project("{9A19103F-16F7-4668-BE54-9A1E7A4F7556}") = "HealtyFoods.Core", "HealtyFoods.Core\HealtyFoods.Core.csproj", "{BDB2276B-F141-444F-9829-1EA8502AA2EF}"
EndProject
Global
	GlobalSection(SolutionConfigurationPlatforms) = preSolution
		Debug|Any CPU = Debug|Any CPU
		Release|Any CPU = Release|Any CPU
	EndGlobalSection
	GlobalSection(ProjectConfigurationPlatforms) = postSolution
		{71486403-45EA-4D5C-9F40-E10BD1F82987}.Debug|Any CPU.ActiveCfg = Debug|Any CPU
		{71486403-45EA-4D5C-9F40-E10BD1F82987}.Debug|Any CPU.Build.0 = Debug|Any CPU
		{71486403-45EA-4D5C-9F40-E10BD1F82987}.Release|Any CPU.ActiveCfg = Release|Any CPU
		{71486403-45EA-4D5C-9F40-E10BD1F82987}.Release|Any CPU.Build.0 = Release|Any CPU
		{74F1C5DD-1EED-4917-8C56-CE0BB7F184A5}.Debug|Any CPU.ActiveCfg = Debug|Any CPU
		{74F1C5DD-1EED-4917-8C56-CE0BB7F184A5}.Debug|Any CPU.Build.0 = Debug|Any CPU
		{74F1C5DD-1EED-4917-8C56-CE0BB7F184A5}.Release|Any CPU.ActiveCfg = Release|Any CPU
		{74F1C5DD-1EED-4917-8C56-CE0BB7F184A5}.Release|Any CPU.Build.0 = Release|Any CPU
		{BDB2276B-F141-444F-9829-1EA8502AA2EF}.Debug|Any CPU.ActiveCfg = Debug|Any CPU
		{BDB2276B-F141-444F-9829-1EA8502AA2EF}.Debug|Any CPU.Build.0 = Debug|Any CPU
		{BDB2276B-F141-444F-9829-1EA8502AA2EF}.Release|Any CPU.ActiveCfg = Release|Any CPU
		{BDB2276B-F141-444F-9829-1EA8502AA2EF}.Release|Any CPU.Build.0 = Release|Any CPU
	EndGlobalSection
	GlobalSection(SolutionProperties) = preSolution
		HideSolutionNode = FALSE
	EndGlobalSection
	GlobalSection(ExtensibilityGlobals) = postSolution
		SolutionGuid = {900701FF-E234-4235-B765-820630D3A68F}
	EndGlobalSection
EndGlobal
